// !$*UTF8*$!
{
	archiveVersion = 1;
	classes = {
	};
	objectVersion = 77;
	objects = {

/* Begin PBXContainerItemProxy section */
		FA73197C2E49E8A90013B4F6 /* PBXContainerItemProxy */ = {
			isa = PBXContainerItemProxy;
			containerPortal = FA7319612E49E8A80013B4F6 /* Project object */;
			proxyType = 1;
			remoteGlobalIDString = FA7319682E49E8A80013B4F6;
			remoteInfo = DeliveryRouting;
		};
		FA7319862E49E8A90013B4F6 /* PBXContainerItemProxy */ = {
			isa = PBXContainerItemProxy;
			containerPortal = FA7319612E49E8A80013B4F6 /* Project object */;
			proxyType = 1;
			remoteGlobalIDString = FA7319682E49E8A80013B4F6;
			remoteInfo = DeliveryRouting;
		};
/* End PBXContainerItemProxy section */

/* Begin PBXFileReference section */
		FA7319692E49E8A80013B4F6 /* DeliveryRouting.app */ = {isa = PBXFileReference; explicitFileType = wrapper.application; includeInIndex = 0; path = DeliveryRouting.app; sourceTree = BUILT_PRODUCTS_DIR; };
		FA73197B2E49E8A90013B4F6 /* DeliveryRoutingTests.xctest */ = {isa = PBXFileReference; explicitFileType = wrapper.cfbundle; includeInIndex = 0; path = DeliveryRoutingTests.xctest; sourceTree = BUILT_PRODUCTS_DIR; };
		FA7319852E49E8A90013B4F6 /* DeliveryRoutingUITests.xctest */ = {isa = PBXFileReference; explicitFileType = wrapper.cfbundle; includeInIndex = 0; path = DeliveryRoutingUITests.xctest; sourceTree = BUILT_PRODUCTS_DIR; };
/* End PBXFileReference section */

/* Begin PBXFileSystemSynchronizedRootGroup section */
		FA73196B2E49E8A80013B4F6 /* DeliveryRouting */ = {
			isa = PBXFileSystemSynchronizedRootGroup;
			path = DeliveryRouting;
			sourceTree = "<group>";
		};
		FA73197E2E49E8A90013B4F6 /* DeliveryRoutingTests */ = {
			isa = PBXFileSystemSynchronizedRootGroup;
			path = DeliveryRoutingTests;
			sourceTree = "<group>";
		};
		FA7319882E49E8A90013B4F6 /* DeliveryRoutingUITests */ = {
			isa = PBXFileSystemSynchronizedRootGroup;
			path = DeliveryRoutingUITests;
			sourceTree = "<group>";
		};
/* End PBXFileSystemSynchronizedRootGroup section */

/* Begin PBXFrameworksBuildPhase section */
		FA7319662E49E8A80013B4F6 /* Frameworks */ = {
			isa = PBXFrameworksBuildPhase;
			buildActionMask = 2147483647;
			files = (
			);
			runOnlyForDeploymentPostprocessing = 0;
		};
		FA7319782E49E8A90013B4F6 /* Frameworks */ = {
			isa = PBXFrameworksBuildPhase;
			buildActionMask = 2147483647;
			files = (
			);
			runOnlyForDeploymentPostprocessing = 0;
		};
		FA7319822E49E8A90013B4F6 /* Frameworks */ = {
			isa = PBXFrameworksBuildPhase;
			buildActionMask = 2147483647;
			files = (
			);
			runOnlyForDeploymentPostprocessing = 0;
		};
/* End PBXFrameworksBuildPhase section */

/* Begin PBXGroup section */
		FA7319602E49E8A80013B4F6 = {
			isa = PBXGroup;
			children = (
				FA73196B2E49E8A80013B4F6 /* DeliveryRouting */,
				FA73197E2E49E8A90013B4F6 /* DeliveryRoutingTests */,
				FA7319882E49E8A90013B4F6 /* DeliveryRoutingUITests */,
				FA73196A2E49E8A80013B4F6 /* Products */,
			);
			sourceTree = "<group>";
		};
		FA73196A2E49E8A80013B4F6 /* Products */ = {
			isa = PBXGroup;
			children = (
				FA7319692E49E8A80013B4F6 /* DeliveryRouting.app */,
				FA73197B2E49E8A90013B4F6 /* DeliveryRoutingTests.xctest */,
				FA7319852E49E8A90013B4F6 /* DeliveryRoutingUITests.xctest */,
			);
			name = Products;
			sourceTree = "<group>";
		};
/* End PBXGroup section */

/* Begin PBXNativeTarget section */
		FA7319682E49E8A80013B4F6 /* DeliveryRouting */ = {
			isa = PBXNativeTarget;
			buildConfigurationList = FA73198F2E49E8A90013B4F6 /* Build configuration list for PBXNativeTarget "DeliveryRouting" */;
			buildPhases = (
				FA7319652E49E8A80013B4F6 /* Sources */,
				FA7319662E49E8A80013B4F6 /* Frameworks */,
				FA7319672E49E8A80013B4F6 /* Resources */,
			);
			buildRules = (
			);
			dependencies = (
			);
			fileSystemSynchronizedGroups = (
				FA73196B2E49E8A80013B4F6 /* DeliveryRouting */,
			);
			name = DeliveryRouting;
			packageProductDependencies = (
			);
			productName = DeliveryRouting;
			productReference = FA7319692E49E8A80013B4F6 /* DeliveryRouting.app */;
			productType = "com.apple.product-type.application";
		};
		FA73197A2E49E8A90013B4F6 /* DeliveryRoutingTests */ = {
			isa = PBXNativeTarget;
			buildConfigurationList = FA7319922E49E8A90013B4F6 /* Build configuration list for PBXNativeTarget "DeliveryRoutingTests" */;
			buildPhases = (
				FA7319772E49E8A90013B4F6 /* Sources */,
				FA7319782E49E8A90013B4F6 /* Frameworks */,
				FA7319792E49E8A90013B4F6 /* Resources */,
			);
			buildRules = (
			);
			dependencies = (
				FA73197D2E49E8A90013B4F6 /* PBXTargetDependency */,
			);
			fileSystemSynchronizedGroups = (
				FA73197E2E49E8A90013B4F6 /* DeliveryRoutingTests */,
			);
			name = DeliveryRoutingTests;
			packageProductDependencies = (
			);
			productName = DeliveryRoutingTests;
			productReference = FA73197B2E49E8A90013B4F6 /* DeliveryRoutingTests.xctest */;
			productType = "com.apple.product-type.bundle.unit-test";
		};
		FA7319842E49E8A90013B4F6 /* DeliveryRoutingUITests */ = {
			isa = PBXNativeTarget;
			buildConfigurationList = FA7319952E49E8A90013B4F6 /* Build configuration list for PBXNativeTarget "DeliveryRoutingUITests" */;
			buildPhases = (
				FA7319812E49E8A90013B4F6 /* Sources */,
				FA7319822E49E8A90013B4F6 /* Frameworks */,
				FA7319832E49E8A90013B4F6 /* Resources */,
			);
			buildRules = (
			);
			dependencies = (
				FA7319872E49E8A90013B4F6 /* PBXTargetDependency */,
			);
			fileSystemSynchronizedGroups = (
				FA7319882E49E8A90013B4F6 /* DeliveryRoutingUITests */,
			);
			name = DeliveryRoutingUITests;
			packageProductDependencies = (
			);
			productName = DeliveryRoutingUITests;
			productReference = FA7319852E49E8A90013B4F6 /* DeliveryRoutingUITests.xctest */;
			productType = "com.apple.product-type.bundle.ui-testing";
		};
/* End PBXNativeTarget section */

/* Begin PBXProject section */
		FA7319612E49E8A80013B4F6 /* Project object */ = {
			isa = PBXProject;
			attributes = {
				BuildIndependentTargetsInParallel = 1;
				LastSwiftUpdateCheck = 1640;
				LastUpgradeCheck = 1640;
				TargetAttributes = {
					FA7319682E49E8A80013B4F6 = {
						CreatedOnToolsVersion = 16.4;
					};
					FA73197A2E49E8A90013B4F6 = {
						CreatedOnToolsVersion = 16.4;
						TestTargetID = FA7319682E49E8A80013B4F6;
					};
					FA7319842E49E8A90013B4F6 = {
						CreatedOnToolsVersion = 16.4;
						TestTargetID = FA7319682E49E8A80013B4F6;
					};
				};
			};
			buildConfigurationList = FA7319642E49E8A80013B4F6 /* Build configuration list for PBXProject "DeliveryRouting" */;
			developmentRegion = en;
			hasScannedForEncodings = 0;
			knownRegions = (
				en,
				Base,
			);
			mainGroup = FA7319602E49E8A80013B4F6;
			minimizedProjectReferenceProxies = 1;
			preferredProjectObjectVersion = 77;
			productRefGroup = FA73196A2E49E8A80013B4F6 /* Products */;
			projectDirPath = "";
			projectRoot = "";
			targets = (
				FA7319682E49E8A80013B4F6 /* DeliveryRouting */,
				FA73197A2E49E8A90013B4F6 /* DeliveryRoutingTests */,
				FA7319842E49E8A90013B4F6 /* DeliveryRoutingUITests */,
			);
		};
/* End PBXProject section */

/* Begin PBXResourcesBuildPhase section */
		FA7319672E49E8A80013B4F6 /* Resources */ = {
			isa = PBXResourcesBuildPhase;
			buildActionMask = 2147483647;
			files = (
			);
			runOnlyForDeploymentPostprocessing = 0;
		};
		FA7319792E49E8A90013B4F6 /* Resources */ = {
			isa = PBXResourcesBuildPhase;
			buildActionMask = 2147483647;
			files = (
			);
			runOnlyForDeploymentPostprocessing = 0;
		};
		FA7319832E49E8A90013B4F6 /* Resources */ = {
			isa = PBXResourcesBuildPhase;
			buildActionMask = 2147483647;
			files = (
			);
			runOnlyForDeploymentPostprocessing = 0;
		};
/* End PBXResourcesBuildPhase section */

/* Begin PBXSourcesBuildPhase section */
		FA7319652E49E8A80013B4F6 /* Sources */ = {
			isa = PBXSourcesBuildPhase;
			buildActionMask = 2147483647;
			files = (
			);
			runOnlyForDeploymentPostprocessing = 0;
		};
		FA7319772E49E8A90013B4F6 /* Sources */ = {
			isa = PBXSourcesBuildPhase;
			buildActionMask = 2147483647;
			files = (
			);
			runOnlyForDeploymentPostprocessing = 0;
		};
		FA7319812E49E8A90013B4F6 /* Sources */ = {
			isa = PBXSourcesBuildPhase;
			buildActionMask = 2147483647;
			files = (
			);
			runOnlyForDeploymentPostprocessing = 0;
		};
/* End PBXSourcesBuildPhase section */

/* Begin PBXTargetDependency section */
		FA73197D2E49E8A90013B4F6 /* PBXTargetDependency */ = {
			isa = PBXTargetDependency;
			target = FA7319682E49E8A80013B4F6 /* DeliveryRouting */;
			targetProxy = FA73197C2E49E8A90013B4F6 /* PBXContainerItemProxy */;
		};
		FA7319872E49E8A90013B4F6 /* PBXTargetDependency */ = {
			isa = PBXTargetDependency;
			target = FA7319682E49E8A80013B4F6 /* DeliveryRouting */;
			targetProxy = FA7319862E49E8A90013B4F6 /* PBXContainerItemProxy */;
		};
/* End PBXTargetDependency section */

/* Begin XCBuildConfiguration section */
		FA73198D2E49E8A90013B4F6 /* Debug */ = {
			isa = XCBuildConfiguration;
			buildSettings = {
				ALWAYS_SEARCH_USER_PATHS = NO;
				ASSETCATALOG_COMPILER_GENERATE_SWIFT_ASSET_SYMBOL_EXTENSIONS = YES;
				CLANG_ANALYZER_NONNULL = YES;
				CLANG_ANALYZER_NUMBER_OBJECT_CONVERSION = YES_AGGRESSIVE;
				CLANG_CXX_LANGUAGE_STANDARD = "gnu++20";
				CLANG_ENABLE_MODULES = YES;
				CLANG_ENABLE_OBJC_ARC = YES;
				CLANG_ENABLE_OBJC_WEAK = YES;
				CLANG_WARN_BLOCK_CAPTURE_AUTORELEASING = YES;
				CLANG_WARN_BOOL_CONVERSION = YES;
				CLANG_WARN_COMMA = YES;
				CLANG_WARN_CONSTANT_CONVERSION = YES;
				CLANG_WARN_DEPRECATED_OBJC_IMPLEMENTATIONS = YES;
				CLANG_WARN_DIRECT_OBJC_ISA_USAGE = YES_ERROR;
				CLANG_WARN_DOCUMENTATION_COMMENTS = YES;
				CLANG_WARN_EMPTY_BODY = YES;
				CLANG_WARN_ENUM_CONVERSION = YES;
				CLANG_WARN_INFINITE_RECURSION = YES;
				CLANG_WARN_INT_CONVERSION = YES;
				CLANG_WARN_NON_LITERAL_NULL_CONVERSION = YES;
				CLANG_WARN_OBJC_IMPLICIT_RETAIN_SELF = YES;
				CLANG_WARN_OBJC_LITERAL_CONVERSION = YES;
				CLANG_WARN_OBJC_ROOT_CLASS = YES_ERROR;
				CLANG_WARN_QUOTED_INCLUDE_IN_FRAMEWORK_HEADER = YES;
				CLANG_WARN_RANGE_LOOP_ANALYSIS = YES;
				CLANG_WARN_STRICT_PROTOTYPES = YES;
				CLANG_WARN_SUSPICIOUS_MOVE = YES;
				CLANG_WARN_UNGUARDED_AVAILABILITY = YES_AGGRESSIVE;
				CLANG_WARN_UNREACHABLE_CODE = YES;
				CLANG_WARN__DUPLICATE_METHOD_MATCH = YES;
				COPY_PHASE_STRIP = NO;
				DEBUG_INFORMATION_FORMAT = dwarf;
				DEVELOPMENT_TEAM = NM88664A3Y;
				ENABLE_STRICT_OBJC_MSGSEND = YES;
				ENABLE_TESTABILITY = YES;
				ENABLE_USER_SCRIPT_SANDBOXING = YES;
				GCC_C_LANGUAGE_STANDARD = gnu17;
				GCC_DYNAMIC_NO_PIC = NO;
				GCC_NO_COMMON_BLOCKS = YES;
				GCC_OPTIMIZATION_LEVEL = 0;
				GCC_PREPROCESSOR_DEFINITIONS = (
					"DEBUG=1",
					"$(inherited)",
				);
				GCC_WARN_64_TO_32_BIT_CONVERSION = YES;
				GCC_WARN_ABOUT_RETURN_TYPE = YES_ERROR;
				GCC_WARN_UNDECLARED_SELECTOR = YES;
				GCC_WARN_UNINITIALIZED_AUTOS = YES_AGGRESSIVE;
				GCC_WARN_UNUSED_FUNCTION = YES;
				GCC_WARN_UNUSED_VARIABLE = YES;
				IPHONEOS_DEPLOYMENT_TARGET = 18.5;
				LOCALIZATION_PREFERS_STRING_CATALOGS = YES;
				MTL_ENABLE_DEBUG_INFO = INCLUDE_SOURCE;
				MTL_FAST_MATH = YES;
				ONLY_ACTIVE_ARCH = YES;
				SDKROOT = iphoneos;
				SWIFT_ACTIVE_COMPILATION_CONDITIONS = "DEBUG $(inherited)";
				SWIFT_OPTIMIZATION_LEVEL = "-Onone";
			};
			name = Debug;
		};
		FA73198E2E49E8A90013B4F6 /* Release */ = {
			isa = XCBuildConfiguration;
			buildSettings = {
				ALWAYS_SEARCH_USER_PATHS = NO;
				ASSETCATALOG_COMPILER_GENERATE_SWIFT_ASSET_SYMBOL_EXTENSIONS = YES;
				CLANG_ANALYZER_NONNULL = YES;
				CLANG_ANALYZER_NUMBER_OBJECT_CONVERSION = YES_AGGRESSIVE;
				CLANG_CXX_LANGUAGE_STANDARD = "gnu++20";
				CLANG_ENABLE_MODULES = YES;
				CLANG_ENABLE_OBJC_ARC = YES;
				CLANG_ENABLE_OBJC_WEAK = YES;
				CLANG_WARN_BLOCK_CAPTURE_AUTORELEASING = YES;
				CLANG_WARN_BOOL_CONVERSION = YES;
				CLANG_WARN_COMMA = YES;
				CLANG_WARN_CONSTANT_CONVERSION = YES;
				CLANG_WARN_DEPRECATED_OBJC_IMPLEMENTATIONS = YES;
				CLANG_WARN_DIRECT_OBJC_ISA_USAGE = YES_ERROR;
				CLANG_WARN_DOCUMENTATION_COMMENTS = YES;
				CLANG_WARN_EMPTY_BODY = YES;
				CLANG_WARN_ENUM_CONVERSION = YES;
				CLANG_WARN_INFINITE_RECURSION = YES;
				CLANG_WARN_INT_CONVERSION = YES;
				CLANG_WARN_NON_LITERAL_NULL_CONVERSION = YES;
				CLANG_WARN_OBJC_IMPLICIT_RETAIN_SELF = YES;
				CLANG_WARN_OBJC_LITERAL_CONVERSION = YES;
				CLANG_WARN_OBJC_ROOT_CLASS = YES_ERROR;
				CLANG_WARN_QUOTED_INCLUDE_IN_FRAMEWORK_HEADER = YES;
				CLANG_WARN_RANGE_LOOP_ANALYSIS = YES;
				CLANG_WARN_STRICT_PROTOTYPES = YES;
				CLANG_WARN_SUSPICIOUS_MOVE = YES;
				CLANG_WARN_UNGUARDED_AVAILABILITY = YES_AGGRESSIVE;
				CLANG_WARN_UNREACHABLE_CODE = YES;
				CLANG_WARN__DUPLICATE_METHOD_MATCH = YES;
				COPY_PHASE_STRIP = NO;
				DEBUG_INFORMATION_FORMAT = "dwarf-with-dsym";
				DEVELOPMENT_TEAM = NM88664A3Y;
				ENABLE_NS_ASSERTIONS = NO;
				ENABLE_STRICT_OBJC_MSGSEND = YES;
				ENABLE_USER_SCRIPT_SANDBOXING = YES;
				GCC_C_LANGUAGE_STANDARD = gnu17;
				GCC_NO_COMMON_BLOCKS = YES;
				GCC_WARN_64_TO_32_BIT_CONVERSION = YES;
				GCC_WARN_ABOUT_RETURN_TYPE = YES_ERROR;
				GCC_WARN_UNDECLARED_SELECTOR = YES;
				GCC_WARN_UNINITIALIZED_AUTOS = YES_AGGRESSIVE;
				GCC_WARN_UNUSED_FUNCTION = YES;
				GCC_WARN_UNUSED_VARIABLE = YES;
				IPHONEOS_DEPLOYMENT_TARGET = 18.5;
				LOCALIZATION_PREFERS_STRING_CATALOGS = YES;
				MTL_ENABLE_DEBUG_INFO = NO;
				MTL_FAST_MATH = YES;
				SDKROOT = iphoneos;
				SWIFT_COMPILATION_MODE = wholemodule;
				VALIDATE_PRODUCT = YES;
			};
			name = Release;
		};
		FA7319902E49E8A90013B4F6 /* Debug */ = {
			isa = XCBuildConfiguration;
			buildSettings = {
				ASSETCATALOG_COMPILER_APPICON_NAME = AppIcon;
				ASSETCATALOG_COMPILER_GLOBAL_ACCENT_COLOR_NAME = AccentColor;
				CODE_SIGN_STYLE = Automatic;
				CURRENT_PROJECT_VERSION = 1;
				DEVELOPMENT_TEAM = NM88664A3Y;
				ENABLE_PREVIEWS = YES;
				GENERATE_INFOPLIST_FILE = YES;
				INFOPLIST_KEY_UIApplicationSceneManifest_Generation = YES;
				INFOPLIST_KEY_UIApplicationSupportsIndirectInputEvents = YES;
				INFOPLIST_KEY_UILaunchScreen_Generation = YES;
				INFOPLIST_KEY_UISupportedInterfaceOrientations_iPad = "UIInterfaceOrientationPortrait UIInterfaceOrientationPortraitUpsideDown UIInterfaceOrientationLandscapeLeft UIInterfaceOrientationLandscapeRight";
				INFOPLIST_KEY_UISupportedInterfaceOrientations_iPhone = "UIInterfaceOrientationPortrait UIInterfaceOrientationLandscapeLeft UIInterfaceOrientationLandscapeRight";
				LD_RUNPATH_SEARCH_PATHS = (
					"$(inherited)",
					"@executable_path/Frameworks",
				);
				MARKETING_VERSION = 1.0;
				PRODUCT_BUNDLE_IDENTIFIER = com.daniel.DeliveryRouting;
				PRODUCT_NAME = "$(TARGET_NAME)";
				SWIFT_EMIT_LOC_STRINGS = YES;
				SWIFT_VERSION = 5.0;
				TARGETED_DEVICE_FAMILY = "1,2";
			};
			name = Debug;
		};
		FA7319912E49E8A90013B4F6 /* Release */ = {
			isa = XCBuildConfiguration;
			buildSettings = {
				ASSETCATALOG_COMPILER_APPICON_NAME = AppIcon;
				ASSETCATALOG_COMPILER_GLOBAL_ACCENT_COLOR_NAME = AccentColor;
				CODE_SIGN_STYLE = Automatic;
				CURRENT_PROJECT_VERSION = 1;
				DEVELOPMENT_TEAM = NM88664A3Y;
				ENABLE_PREVIEWS = YES;
				GENERATE_INFOPLIST_FILE = YES;
				INFOPLIST_KEY_UIApplicationSceneManifest_Generation = YES;
				INFOPLIST_KEY_UIApplicationSupportsIndirectInputEvents = YES;
				INFOPLIST_KEY_UILaunchScreen_Generation = YES;
				INFOPLIST_KEY_UISupportedInterfaceOrientations_iPad = "UIInterfaceOrientationPortrait UIInterfaceOrientationPortraitUpsideDown UIInterfaceOrientationLandscapeLeft UIInterfaceOrientationLandscapeRight";
				INFOPLIST_KEY_UISupportedInterfaceOrientations_iPhone = "UIInterfaceOrientationPortrait UIInterfaceOrientationLandscapeLeft UIInterfaceOrientationLandscapeRight";
				LD_RUNPATH_SEARCH_PATHS = (
					"$(inherited)",
					"@executable_path/Frameworks",
				);
				MARKETING_VERSION = 1.0;
				PRODUCT_BUNDLE_IDENTIFIER = com.daniel.DeliveryRouting;
				PRODUCT_NAME = "$(TARGET_NAME)";
				SWIFT_EMIT_LOC_STRINGS = YES;
				SWIFT_VERSION = 5.0;
				TARGETED_DEVICE_FAMILY = "1,2";
			};
			name = Release;
		};
		FA7319932E49E8A90013B4F6 /* Debug */ = {
			isa = XCBuildConfiguration;
			buildSettings = {
				BUNDLE_LOADER = "$(TEST_HOST)";
				CODE_SIGN_STYLE = Automatic;
				CURRENT_PROJECT_VERSION = 1;
				DEVELOPMENT_TEAM = NM88664A3Y;
				GENERATE_INFOPLIST_FILE = YES;
				IPHONEOS_DEPLOYMENT_TARGET = 18.5;
				MARKETING_VERSION = 1.0;
				PRODUCT_BUNDLE_IDENTIFIER = com.daniel.DeliveryRoutingTests;
				PRODUCT_NAME = "$(TARGET_NAME)";
				SWIFT_EMIT_LOC_STRINGS = NO;
				SWIFT_VERSION = 5.0;
				TARGETED_DEVICE_FAMILY = "1,2";
				TEST_HOST = "$(BUILT_PRODUCTS_DIR)/DeliveryRouting.app/$(BUNDLE_EXECUTABLE_FOLDER_PATH)/DeliveryRouting";
			};
			name = Debug;
		};
		FA7319942E49E8A90013B4F6 /* Release */ = {
			isa = XCBuildConfiguration;
			buildSettings = {
				BUNDLE_LOADER = "$(TEST_HOST)";
				CODE_SIGN_STYLE = Automatic;
				CURRENT_PROJECT_VERSION = 1;
				DEVELOPMENT_TEAM = NM88664A3Y;
				GENERATE_INFOPLIST_FILE = YES;
				IPHONEOS_DEPLOYMENT_TARGET = 18.5;
				MARKETING_VERSION = 1.0;
				PRODUCT_BUNDLE_IDENTIFIER = com.daniel.DeliveryRoutingTests;
				PRODUCT_NAME = "$(TARGET_NAME)";
				SWIFT_EMIT_LOC_STRINGS = NO;
				SWIFT_VERSION = 5.0;
				TARGETED_DEVICE_FAMILY = "1,2";
				TEST_HOST = "$(BUILT_PRODUCTS_DIR)/DeliveryRouting.app/$(BUNDLE_EXECUTABLE_FOLDER_PATH)/DeliveryRouting";
			};
			name = Release;
		};
		FA7319962E49E8A90013B4F6 /* Debug */ = {
			isa = XCBuildConfiguration;
			buildSettings = {
				CODE_SIGN_STYLE = Automatic;
				CURRENT_PROJECT_VERSION = 1;
				DEVELOPMENT_TEAM = NM88664A3Y;
				GENERATE_INFOPLIST_FILE = YES;
				MARKETING_VERSION = 1.0;
				PRODUCT_BUNDLE_IDENTIFIER = com.daniel.DeliveryRoutingUITests;
				PRODUCT_NAME = "$(TARGET_NAME)";
				SWIFT_EMIT_LOC_STRINGS = NO;
				SWIFT_VERSION = 5.0;
				TARGETED_DEVICE_FAMILY = "1,2";
				TEST_TARGET_NAME = DeliveryRouting;
			};
			name = Debug;
		};
		FA7319972E49E8A90013B4F6 /* Release */ = {
			isa = XCBuildConfiguration;
			buildSettings = {
				CODE_SIGN_STYLE = Automatic;
				CURRENT_PROJECT_VERSION = 1;
				DEVELOPMENT_TEAM = NM88664A3Y;
				GENERATE_INFOPLIST_FILE = YES;
				MARKETING_VERSION = 1.0;
				PRODUCT_BUNDLE_IDENTIFIER = com.daniel.DeliveryRoutingUITests;
				PRODUCT_NAME = "$(TARGET_NAME)";
				SWIFT_EMIT_LOC_STRINGS = NO;
				SWIFT_VERSION = 5.0;
				TARGETED_DEVICE_FAMILY = "1,2";
				TEST_TARGET_NAME = DeliveryRouting;
			};
			name = Release;
		};
/* End XCBuildConfiguration section */

/* Begin XCConfigurationList section */
		FA7319642E49E8A80013B4F6 /* Build configuration list for PBXProject "DeliveryRouting" */ = {
			isa = XCConfigurationList;
			buildConfigurations = (
				FA73198D2E49E8A90013B4F6 /* Debug */,
				FA73198E2E49E8A90013B4F6 /* Release */,
			);
			defaultConfigurationIsVisible = 0;
			defaultConfigurationName = Release;
		};
		FA73198F2E49E8A90013B4F6 /* Build configuration list for PBXNativeTarget "DeliveryRouting" */ = {
			isa = XCConfigurationList;
			buildConfigurations = (
				FA7319902E49E8A90013B4F6 /* Debug */,
				FA7319912E49E8A90013B4F6 /* Release */,
			);
			defaultConfigurationIsVisible = 0;
			defaultConfigurationName = Release;
		};
		FA7319922E49E8A90013B4F6 /* Build configuration list for PBXNativeTarget "DeliveryRoutingTests" */ = {
			isa = XCConfigurationList;
			buildConfigurations = (
				FA7319932E49E8A90013B4F6 /* Debug */,
				FA7319942E49E8A90013B4F6 /* Release */,
			);
			defaultConfigurationIsVisible = 0;
			defaultConfigurationName = Release;
		};
		FA7319952E49E8A90013B4F6 /* Build configuration list for PBXNativeTarget "DeliveryRoutingUITests" */ = {
			isa = XCConfigurationList;
			buildConfigurations = (
				FA7319962E49E8A90013B4F6 /* Debug */,
				FA7319972E49E8A90013B4F6 /* Release */,
			);
			defaultConfigurationIsVisible = 0;
			defaultConfigurationName = Release;
		};
/* End XCConfigurationList section */
	};
	rootObject = FA7319612E49E8A80013B4F6 /* Project object */;
}
